// !$*UTF8*$!
{
	archiveVersion = 1;
	classes = {
	};
	objectVersion = 50;
	objects = {

/* Begin PBXBuildFile section */
		DB44BC3F2545C3310057535B /* AppDelegate.swift in Sources */ = {isa = PBXBuildFile; fileRef = DB44BC3E2545C3310057535B /* AppDelegate.swift */; };
		DB44BC412545C3310057535B /* art.scnassets in Resources */ = {isa = PBXBuildFile; fileRef = DB44BC402545C3310057535B /* art.scnassets */; };
		DB44BC432545C3320057535B /* GameViewController.swift in Sources */ = {isa = PBXBuildFile; fileRef = DB44BC422545C3320057535B /* GameViewController.swift */; };
		DB44BC462545C3320057535B /* Main.storyboard in Resources */ = {isa = PBXBuildFile; fileRef = DB44BC442545C3320057535B /* Main.storyboard */; };
		DB44BC482545C3370057535B /* Assets.xcassets in Resources */ = {isa = PBXBuildFile; fileRef = DB44BC472545C3370057535B /* Assets.xcassets */; };
		DB4B120B254E0A190093F6BC /* Screnshoot 02.png in Resources */ = {isa = PBXBuildFile; fileRef = DB4B1209254E0A190093F6BC /* Screnshoot 02.png */; };
		DB4B120C254E0A190093F6BC /* Screnshoot 01.png in Resources */ = {isa = PBXBuildFile; fileRef = DB4B120A254E0A190093F6BC /* Screnshoot 01.png */; };
/* End PBXBuildFile section */

/* Begin PBXFileReference section */
		DB44BC3B2545C3310057535B /* Test my game.app */ = {isa = PBXFileReference; explicitFileType = wrapper.application; includeInIndex = 0; path = "Test my game.app"; sourceTree = BUILT_PRODUCTS_DIR; };
		DB44BC3E2545C3310057535B /* AppDelegate.swift */ = {isa = PBXFileReference; lastKnownFileType = sourcecode.swift; path = AppDelegate.swift; sourceTree = "<group>"; };
		DB44BC402545C3310057535B /* art.scnassets */ = {isa = PBXFileReference; lastKnownFileType = wrapper.scnassets; path = art.scnassets; sourceTree = "<group>"; };
		DB44BC422545C3320057535B /* GameViewController.swift */ = {isa = PBXFileReference; lastKnownFileType = sourcecode.swift; path = GameViewController.swift; sourceTree = "<group>"; };
		DB44BC452545C3320057535B /* Base */ = {isa = PBXFileReference; lastKnownFileType = file.storyboard; name = Base; path = Base.lproj/Main.storyboard; sourceTree = "<group>"; };
		DB44BC472545C3370057535B /* Assets.xcassets */ = {isa = PBXFileReference; lastKnownFileType = folder.assetcatalog; path = Assets.xcassets; sourceTree = "<group>"; };
		DB44BC492545C3370057535B /* Info.plist */ = {isa = PBXFileReference; lastKnownFileType = text.plist.xml; path = Info.plist; sourceTree = "<group>"; };
		DB4B1209254E0A190093F6BC /* Screnshoot 02.png */ = {isa = PBXFileReference; lastKnownFileType = image.png; path = "Screnshoot 02.png"; sourceTree = "<group>"; };
		DB4B120A254E0A190093F6BC /* Screnshoot 01.png */ = {isa = PBXFileReference; lastKnownFileType = image.png; path = "Screnshoot 01.png"; sourceTree = "<group>"; };
/* End PBXFileReference section */

/* Begin PBXFrameworksBuildPhase section */
		DB44BC382545C3310057535B /* Frameworks */ = {
			isa = PBXFrameworksBuildPhase;
			buildActionMask = 2147483647;
			files = (
			);
			runOnlyForDeploymentPostprocessing = 0;
		};
/* End PBXFrameworksBuildPhase section */

/* Begin PBXGroup section */
		DB44BC322545C3310057535B = {
			isa = PBXGroup;
			children = (
				DB44BC3D2545C3310057535B /* Test my game */,
				DB44BC3C2545C3310057535B /* Products */,
			);
			sourceTree = "<group>";
		};
		DB44BC3C2545C3310057535B /* Products */ = {
			isa = PBXGroup;
			children = (
				DB44BC3B2545C3310057535B /* Test my game.app */,
			);
			name = Products;
			sourceTree = "<group>";
		};
		DB44BC3D2545C3310057535B /* Test my game */ = {
			isa = PBXGroup;
			children = (
				DB4B120A254E0A190093F6BC /* Screnshoot 01.png */,
				DB4B1209254E0A190093F6BC /* Screnshoot 02.png */,
				DB4B120E254E0A1F0093F6BC /* Screnshots */,
				DB44BC3E2545C3310057535B /* AppDelegate.swift */,
				DB44BC402545C3310057535B /* art.scnassets */,
				DB44BC422545C3320057535B /* GameViewController.swift */,
				DB44BC442545C3320057535B /* Main.storyboard */,
				DB44BC472545C3370057535B /* Assets.xcassets */,
				DB44BC492545C3370057535B /* Info.plist */,
			);
			path = "Test my game";
			sourceTree = "<group>";
		};
		DB4B120E254E0A1F0093F6BC /* Screnshots */ = {
			isa = PBXGroup;
			children = (
			);
			path = Screnshots;
			sourceTree = "<group>";
		};
/* End PBXGroup section */

/* Begin PBXNativeTarget section */
		DB44BC3A2545C3310057535B /* Test my game */ = {
			isa = PBXNativeTarget;
			buildConfigurationList = DB44BC4C2545C3370057535B /* Build configuration list for PBXNativeTarget "Test my game" */;
			buildPhases = (
				DB44BC372545C3310057535B /* Sources */,
				DB44BC382545C3310057535B /* Frameworks */,
				DB44BC392545C3310057535B /* Resources */,
			);
			buildRules = (
			);
			dependencies = (
			);
			name = "Test my game";
			productName = "Test my game";
			productReference = DB44BC3B2545C3310057535B /* Test my game.app */;
			productType = "com.apple.product-type.application";
		};
/* End PBXNativeTarget section */

/* Begin PBXProject section */
		DB44BC332545C3310057535B /* Project object */ = {
			isa = PBXProject;
			attributes = {
				LastSwiftUpdateCheck = 1210;
				LastUpgradeCheck = 1210;
				TargetAttributes = {
					DB44BC3A2545C3310057535B = {
						CreatedOnToolsVersion = 12.1;
					};
				};
			};
			buildConfigurationList = DB44BC362545C3310057535B /* Build configuration list for PBXProject "Test my game" */;
			compatibilityVersion = "Xcode 9.3";
			developmentRegion = en;
			hasScannedForEncodings = 0;
			knownRegions = (
				en,
				Base,
			);
			mainGroup = DB44BC322545C3310057535B;
			productRefGroup = DB44BC3C2545C3310057535B /* Products */;
			projectDirPath = "";
			projectRoot = "";
			targets = (
				DB44BC3A2545C3310057535B /* Test my game */,
			);
		};
/* End PBXProject section */

/* Begin PBXResourcesBuildPhase section */
		DB44BC392545C3310057535B /* Resources */ = {
			isa = PBXResourcesBuildPhase;
			buildActionMask = 2147483647;
			files = (
				DB44BC412545C3310057535B /* art.scnassets in Resources */,
				DB44BC482545C3370057535B /* Assets.xcassets in Resources */,
				DB4B120B254E0A190093F6BC /* Screnshoot 02.png in Resources */,
				DB44BC462545C3320057535B /* Main.storyboard in Resources */,
				DB4B120C254E0A190093F6BC /* Screnshoot 01.png in Resources */,
			);
			runOnlyForDeploymentPostprocessing = 0;
		};
/* End PBXResourcesBuildPhase section */

/* Begin PBXSourcesBuildPhase section */
		DB44BC372545C3310057535B /* Sources */ = {
			isa = PBXSourcesBuildPhase;
			buildActionMask = 2147483647;
			files = (
				DB44BC432545C3320057535B /* GameViewController.swift in Sources */,
				DB44BC3F2545C3310057535B /* AppDelegate.swift in Sources */,
			);
			runOnlyForDeploymentPostprocessing = 0;
		};
/* End PBXSourcesBuildPhase section */

/* Begin PBXVariantGroup section */
		DB44BC442545C3320057535B /* Main.storyboard */ = {
			isa = PBXVariantGroup;
			children = (
				DB44BC452545C3320057535B /* Base */,
			);
			name = Main.storyboard;
			sourceTree = "<group>";
		};
/* End PBXVariantGroup section */

/* Begin XCBuildConfiguration section */
		DB44BC4A2545C3370057535B /* Debug */ = {
			isa = XCBuildConfiguration;
			buildSettings = {
				ALWAYS_SEARCH_USER_PATHS = NO;
				CLANG_ANALYZER_NONNULL = YES;
				CLANG_ANALYZER_NUMBER_OBJECT_CONVERSION = YES_AGGRESSIVE;
				CLANG_CXX_LANGUAGE_STANDARD = "gnu++14";
				CLANG_CXX_LIBRARY = "libc++";
				CLANG_ENABLE_MODULES = YES;
				CLANG_ENABLE_OBJC_ARC = YES;
				CLANG_ENABLE_OBJC_WEAK = YES;
				CLANG_WARN_BLOCK_CAPTURE_AUTORELEASING = YES;
				CLANG_WARN_BOOL_CONVERSION = YES;
				CLANG_WARN_COMMA = YES;
				CLANG_WARN_CONSTANT_CONVERSION = YES;
				CLANG_WARN_DEPRECATED_OBJC_IMPLEMENTATIONS = YES;
				CLANG_WARN_DIRECT_OBJC_ISA_USAGE = YES_ERROR;
				CLANG_WARN_DOCUMENTATION_COMMENTS = YES;
				CLANG_WARN_EMPTY_BODY = YES;
				CLANG_WARN_ENUM_CONVERSION = YES;
				CLANG_WARN_INFINITE_RECURSION = YES;
				CLANG_WARN_INT_CONVERSION = YES;
				CLANG_WARN_NON_LITERAL_NULL_CONVERSION = YES;
				CLANG_WARN_OBJC_IMPLICIT_RETAIN_SELF = YES;
				CLANG_WARN_OBJC_LITERAL_CONVERSION = YES;
				CLANG_WARN_OBJC_ROOT_CLASS = YES_ERROR;
				CLANG_WARN_QUOTED_INCLUDE_IN_FRAMEWORK_HEADER = YES;
				CLANG_WARN_RANGE_LOOP_ANALYSIS = YES;
				CLANG_WARN_STRICT_PROTOTYPES = YES;
				CLANG_WARN_SUSPICIOUS_MOVE = YES;
				CLANG_WARN_UNGUARDED_AVAILABILITY = YES_AGGRESSIVE;
				CLANG_WARN_UNREACHABLE_CODE = YES;
				CLANG_WARN__DUPLICATE_METHOD_MATCH = YES;
				COPY_PHASE_STRIP = NO;
				DEBUG_INFORMATION_FORMAT = dwarf;
				ENABLE_STRICT_OBJC_MSGSEND = YES;
				ENABLE_TESTABILITY = YES;
				GCC_C_LANGUAGE_STANDARD = gnu11;
				GCC_DYNAMIC_NO_PIC = NO;
				GCC_NO_COMMON_BLOCKS = YES;
				GCC_OPTIMIZATION_LEVEL = 0;
				GCC_PREPROCESSOR_DEFINITIONS = (
					"DEBUG=1",
					"$(inherited)",
				);
				GCC_WARN_64_TO_32_BIT_CONVERSION = YES;
				GCC_WARN_ABOUT_RETURN_TYPE = YES_ERROR;
				GCC_WARN_UNDECLARED_SELECTOR = YES;
				GCC_WARN_UNINITIALIZED_AUTOS = YES_AGGRESSIVE;
				GCC_WARN_UNUSED_FUNCTION = YES;
				GCC_WARN_UNUSED_VARIABLE = YES;
				IPHONEOS_DEPLOYMENT_TARGET = 14.0;
				MTL_ENABLE_DEBUG_INFO = INCLUDE_SOURCE;
				MTL_FAST_MATH = YES;
				ONLY_ACTIVE_ARCH = YES;
				SDKROOT = iphoneos;
				SWIFT_ACTIVE_COMPILATION_CONDITIONS = DEBUG;
				SWIFT_OPTIMIZATION_LEVEL = "-Onone";
			};
			name = Debug;
		};
		DB44BC4B2545C3370057535B /* Release */ = {
			isa = XCBuildConfiguration;
			buildSettings = {
				ALWAYS_SEARCH_USER_PATHS = NO;
				CLANG_ANALYZER_NONNULL = YES;
				CLANG_ANALYZER_NUMBER_OBJECT_CONVERSION = YES_AGGRESSIVE;
				CLANG_CXX_LANGUAGE_STANDARD = "gnu++14";
				CLANG_CXX_LIBRARY = "libc++";
				CLANG_ENABLE_MODULES = YES;
				CLANG_ENABLE_OBJC_ARC = YES;
				CLANG_ENABLE_OBJC_WEAK = YES;
				CLANG_WARN_BLOCK_CAPTURE_AUTORELEASING = YES;
				CLANG_WARN_BOOL_CONVERSION = YES;
				CLANG_WARN_COMMA = YES;
				CLANG_WARN_CONSTANT_CONVERSION = YES;
				CLANG_WARN_DEPRECATED_OBJC_IMPLEMENTATIONS = YES;
				CLANG_WARN_DIRECT_OBJC_ISA_USAGE = YES_ERROR;
				CLANG_WARN_DOCUMENTATION_COMMENTS = YES;
				CLANG_WARN_EMPTY_BODY = YES;
				CLANG_WARN_ENUM_CONVERSION = YES;
				CLANG_WARN_INFINITE_RECURSION = YES;
				CLANG_WARN_INT_CONVERSION = YES;
				CLANG_WARN_NON_LITERAL_NULL_CONVERSION = YES;
				CLANG_WARN_OBJC_IMPLICIT_RETAIN_SELF = YES;
				CLANG_WARN_OBJC_LITERAL_CONVERSION = YES;
				CLANG_WARN_OBJC_ROOT_CLASS = YES_ERROR;
				CLANG_WARN_QUOTED_INCLUDE_IN_FRAMEWORK_HEADER = YES;
				CLANG_WARN_RANGE_LOOP_ANALYSIS = YES;
				CLANG_WARN_STRICT_PROTOTYPES = YES;
				CLANG_WARN_SUSPICIOUS_MOVE = YES;
				CLANG_WARN_UNGUARDED_AVAILABILITY = YES_AGGRESSIVE;
				CLANG_WARN_UNREACHABLE_CODE = YES;
				CLANG_WARN__DUPLICATE_METHOD_MATCH = YES;
				COPY_PHASE_STRIP = NO;
				DEBUG_INFORMATION_FORMAT = "dwarf-with-dsym";
				ENABLE_NS_ASSERTIONS = NO;
				ENABLE_STRICT_OBJC_MSGSEND = YES;
				GCC_C_LANGUAGE_STANDARD = gnu11;
				GCC_NO_COMMON_BLOCKS = YES;
				GCC_WARN_64_TO_32_BIT_CONVERSION = YES;
				GCC_WARN_ABOUT_RETURN_TYPE = YES_ERROR;
				GCC_WARN_UNDECLARED_SELECTOR = YES;
				GCC_WARN_UNINITIALIZED_AUTOS = YES_AGGRESSIVE;
				GCC_WARN_UNUSED_FUNCTION = YES;
				GCC_WARN_UNUSED_VARIABLE = YES;
				IPHONEOS_DEPLOYMENT_TARGET = 14.0;
				MTL_ENABLE_DEBUG_INFO = NO;
				MTL_FAST_MATH = YES;
				SDKROOT = iphoneos;
				SWIFT_COMPILATION_MODE = wholemodule;
				SWIFT_OPTIMIZATION_LEVEL = "-O";
				VALIDATE_PRODUCT = YES;
			};
			name = Release;
		};
		DB44BC4D2545C3370057535B /* Debug */ = {
			isa = XCBuildConfiguration;
			buildSettings = {
				ASSETCATALOG_COMPILER_APPICON_NAME = AppIcon;
				ASSETCATALOG_COMPILER_GLOBAL_ACCENT_COLOR_NAME = AccentColor;
				CODE_SIGN_IDENTITY = "Apple Development";
				CODE_SIGN_STYLE = Automatic;
				DEVELOPMENT_TEAM = N8WCZ3XD3L;
				INFOPLIST_FILE = "Test my game/Info.plist";
				LD_RUNPATH_SEARCH_PATHS = (
					"$(inherited)",
					"@executable_path/Frameworks",
				);
				PRODUCT_BUNDLE_IDENTIFIER = "com.example.Test-my-game";
				PRODUCT_NAME = "$(TARGET_NAME)";
				PROVISIONING_PROFILE_SPECIFIER = "";
				SWIFT_VERSION = 5.0;
				TARGETED_DEVICE_FAMILY = "1,2";
			};
			name = Debug;
		};
		DB44BC4E2545C3370057535B /* Release */ = {
			isa = XCBuildConfiguration;
			buildSettings = {
				ASSETCATALOG_COMPILER_APPICON_NAME = AppIcon;
				ASSETCATALOG_COMPILER_GLOBAL_ACCENT_COLOR_NAME = AccentColor;
				CODE_SIGN_IDENTITY = "Apple Development";
				CODE_SIGN_STYLE = Automatic;
				DEVELOPMENT_TEAM = N8WCZ3XD3L;
				INFOPLIST_FILE = "Test my game/Info.plist";
				LD_RUNPATH_SEARCH_PATHS = (
					"$(inherited)",
					"@executable_path/Frameworks",
				);
				PRODUCT_BUNDLE_IDENTIFIER = "com.example.Test-my-game";
				PRODUCT_NAME = "$(TARGET_NAME)";
				PROVISIONING_PROFILE_SPECIFIER = "";
				SWIFT_VERSION = 5.0;
				TARGETED_DEVICE_FAMILY = "1,2";
			};
			name = Release;
		};
/* End XCBuildConfiguration section */

/* Begin XCConfigurationList section */
		DB44BC362545C3310057535B /* Build configuration list for PBXProject "Test my game" */ = {
			isa = XCConfigurationList;
			buildConfigurations = (
				DB44BC4A2545C3370057535B /* Debug */,
				DB44BC4B2545C3370057535B /* Release */,
			);
			defaultConfigurationIsVisible = 0;
			defaultConfigurationName = Release;
		};
		DB44BC4C2545C3370057535B /* Build configuration list for PBXNativeTarget "Test my game" */ = {
			isa = XCConfigurationList;
			buildConfigurations = (
				DB44BC4D2545C3370057535B /* Debug */,
				DB44BC4E2545C3370057535B /* Release */,
			);
			defaultConfigurationIsVisible = 0;
			defaultConfigurationName = Release;
		};
/* End XCConfigurationList section */
	};
	rootObject = DB44BC332545C3310057535B /* Project object */;
}
